
Microsoft Visual Studio Solution File, Format Version 12.00
# Visual Studio 15
VisualStudioVersion = 15.0.27703.2035
MinimumVisualStudioVersion = 10.0.40219.1
Project("{FAE04EC0-301F-11D3-BF4B-00C04F79EFBC}") = "P01_HospitalDatabase", "P01_HospitalDatabase\P01_HospitalDatabase.csproj", "{01ECAAD0-FE27-476C-9BB3-F354FEB41861}"
EndProject
Project("{FAE04EC0-301F-11D3-BF4B-00C04F79EFBC}") = "P03_SalesDatabase", "P03_SalesDatabase\P03_SalesDatabase.csproj", "{C5741BCC-1076-46DB-868E-CE2C2B69E2B9}"
EndProject
Global
	GlobalSection(SolutionConfigurationPlatforms) = preSolution
		Debug|Any CPU = Debug|Any CPU
		Release|Any CPU = Release|Any CPU
	EndGlobalSection
	GlobalSection(ProjectConfigurationPlatforms) = postSolution
		{01ECAAD0-FE27-476C-9BB3-F354FEB41861}.Debug|Any CPU.ActiveCfg = Debug|Any CPU
		{01ECAAD0-FE27-476C-9BB3-F354FEB41861}.Debug|Any CPU.Build.0 = Debug|Any CPU
		{01ECAAD0-FE27-476C-9BB3-F354FEB41861}.Release|Any CPU.ActiveCfg = Release|Any CPU
		{01ECAAD0-FE27-476C-9BB3-F354FEB41861}.Release|Any CPU.Build.0 = Release|Any CPU
		{C5741BCC-1076-46DB-868E-CE2C2B69E2B9}.Debug|Any CPU.ActiveCfg = Debug|Any CPU
		{C5741BCC-1076-46DB-868E-CE2C2B69E2B9}.Debug|Any CPU.Build.0 = Debug|Any CPU
		{C5741BCC-1076-46DB-868E-CE2C2B69E2B9}.Release|Any CPU.ActiveCfg = Release|Any CPU
		{C5741BCC-1076-46DB-868E-CE2C2B69E2B9}.Release|Any CPU.Build.0 = Release|Any CPU
	EndGlobalSection
	GlobalSection(SolutionProperties) = preSolution
		HideSolutionNode = FALSE
	EndGlobalSection
	GlobalSection(ExtensibilityGlobals) = postSolution
		SolutionGuid = {585FDBFE-195D-4BE8-9AEA-8585ADD0E15F}
	EndGlobalSection
EndGlobal
