
Microsoft Visual Studio Solution File, Format Version 12.00
# Visual Studio 15
VisualStudioVersion = 15.0.27703.2035
MinimumVisualStudioVersion = 10.0.40219.1
Project("{9A19103F-16F7-4668-BE54-9A1E7A4F7556}") = "P01_StudentSystem", "P01_StudentSystem\P01_StudentSystem.csproj", "{B7771CFD-E4F4-41A9-9C05-26C1FE954809}"
EndProject
Project("{FAE04EC0-301F-11D3-BF4B-00C04F79EFBC}") = "P03_FootballBetting", "P03_FootballBetting\P03_FootballBetting.csproj", "{8D23CE0F-AC59-4039-9AFA-30D3ED7CD1BD}"
EndProject
Project("{FAE04EC0-301F-11D3-BF4B-00C04F79EFBC}") = "P03_FootballBetting.Data.Models", "P03_FootballBetting.Data.Models\P03_FootballBetting.Data.Models.csproj", "{4CA23852-D96D-478D-B003-D36882A2D55C}"
EndProject
Project("{FAE04EC0-301F-11D3-BF4B-00C04F79EFBC}") = "P03_FootballBetting.Data", "P03_FootballBetting.Data\P03_FootballBetting.Data.csproj", "{952131DB-1AA2-419C-B72E-A2F99A8245AE}"
EndProject
Global
	GlobalSection(SolutionConfigurationPlatforms) = preSolution
		Debug|Any CPU = Debug|Any CPU
		Release|Any CPU = Release|Any CPU
	EndGlobalSection
	GlobalSection(ProjectConfigurationPlatforms) = postSolution
		{B7771CFD-E4F4-41A9-9C05-26C1FE954809}.Debug|Any CPU.ActiveCfg = Debug|Any CPU
		{B7771CFD-E4F4-41A9-9C05-26C1FE954809}.Debug|Any CPU.Build.0 = Debug|Any CPU
		{B7771CFD-E4F4-41A9-9C05-26C1FE954809}.Release|Any CPU.ActiveCfg = Release|Any CPU
		{B7771CFD-E4F4-41A9-9C05-26C1FE954809}.Release|Any CPU.Build.0 = Release|Any CPU
		{8D23CE0F-AC59-4039-9AFA-30D3ED7CD1BD}.Debug|Any CPU.ActiveCfg = Debug|Any CPU
		{8D23CE0F-AC59-4039-9AFA-30D3ED7CD1BD}.Debug|Any CPU.Build.0 = Debug|Any CPU
		{8D23CE0F-AC59-4039-9AFA-30D3ED7CD1BD}.Release|Any CPU.ActiveCfg = Release|Any CPU
		{8D23CE0F-AC59-4039-9AFA-30D3ED7CD1BD}.Release|Any CPU.Build.0 = Release|Any CPU
		{4CA23852-D96D-478D-B003-D36882A2D55C}.Debug|Any CPU.ActiveCfg = Debug|Any CPU
		{4CA23852-D96D-478D-B003-D36882A2D55C}.Debug|Any CPU.Build.0 = Debug|Any CPU
		{4CA23852-D96D-478D-B003-D36882A2D55C}.Release|Any CPU.ActiveCfg = Release|Any CPU
		{4CA23852-D96D-478D-B003-D36882A2D55C}.Release|Any CPU.Build.0 = Release|Any CPU
		{952131DB-1AA2-419C-B72E-A2F99A8245AE}.Debug|Any CPU.ActiveCfg = Debug|Any CPU
		{952131DB-1AA2-419C-B72E-A2F99A8245AE}.Debug|Any CPU.Build.0 = Debug|Any CPU
		{952131DB-1AA2-419C-B72E-A2F99A8245AE}.Release|Any CPU.ActiveCfg = Release|Any CPU
		{952131DB-1AA2-419C-B72E-A2F99A8245AE}.Release|Any CPU.Build.0 = Release|Any CPU
	EndGlobalSection
	GlobalSection(SolutionProperties) = preSolution
		HideSolutionNode = FALSE
	EndGlobalSection
	GlobalSection(ExtensibilityGlobals) = postSolution
		SolutionGuid = {8137D9B9-2FB0-4437-A39E-C25F8BDC9AF3}
	EndGlobalSection
EndGlobal
